<?xml version="1.0" encoding="utf-8"?>
<Project ToolsVersion="4.0" xmlns="http://schemas.microsoft.com/developer/msbuild/2003">
  <ItemGroup>
    <Filter Include="Source Files">
      <UniqueIdentifier>{4FC737F1-C7A5-4376-A066-2A32D752A2FF}</UniqueIdentifier>
      <Extensions>cpp;c;cc;cxx;def;odl;idl;hpj;bat;asm;asmx</Extensions>
    </Filter>
    <Filter Include="Header Files">
      <UniqueIdentifier>{93995380-89BD-4b04-88EB-625FBE52EBFB}</UniqueIdentifier>
      <Extensions>h;hh;hpp;hxx;hm;inl;inc;xsd</Extensions>
    </Filter>
    <Filter Include="Resource Files">
      <UniqueIdentifier>{67DA6AB6-F800-4c08-8B7A-83BB121AAD01}</UniqueIdentifier>
      <Extensions>rc;ico;cur;bmp;dlg;rc2;rct;bin;rgs;gif;jpg;jpeg;jpe;resx;tiff;tif;png;wav</Extensions>
    </Filter>
  </ItemGroup>
  <ItemGroup>
    <ClCompile Include="main.cpp">
      <Filter>Source Files</Filter>
    </ClCompile>
  </ItemGroup>
  <ItemGroup>
    <ClInclude Include="helpers.h">
      <Filter>Header Files</Filter>
    </ClInclude>
    <ClInclude Include="winmd_reader.h">
      <Filter>Header Files</Filter>
    </ClInclude>
    <ClInclude Include="writer.h">
      <Filter>Header Files</Filter>
    </ClInclude>
    <ClInclude Include="impl\base.h">
      <Filter>Header Files</Filter>
    </ClInclude>
    <ClInclude Include="impl\winmd_reader\cache.h">
      <Filter>Header Files</Filter>
    </ClInclude>
    <ClInclude Include="impl\winmd_reader\column.h">
      <Filter>Header Files</Filter>
    </ClInclude>
    <ClInclude Include="impl\winmd_reader\custom_attribute.h">
      <Filter>Header Files</Filter>
    </ClInclude>
    <ClInclude Include="impl\winmd_reader\database.h">
      <Filter>Header Files</Filter>
    </ClInclude>
    <ClInclude Include="impl\winmd_reader\enum.h">
      <Filter>Header Files</Filter>
    </ClInclude>
    <ClInclude Include="impl\winmd_reader\enum_traits.h">
      <Filter>Header Files</Filter>
    </ClInclude>
    <ClInclude Include="impl\winmd_reader\filter.h">
      <Filter>Header Files</Filter>
    </ClInclude>
    <ClInclude Include="impl\winmd_reader\flags.h">
      <Filter>Header Files</Filter>
    </ClInclude>
    <ClInclude Include="impl\winmd_reader\helpers.h">
      <Filter>Header Files</Filter>
    </ClInclude>
    <ClInclude Include="impl\winmd_reader\index.h">
      <Filter>Header Files</Filter>
    </ClInclude>
    <ClInclude Include="impl\winmd_reader\key.h">
      <Filter>Header Files</Filter>
    </ClInclude>
    <ClInclude Include="impl\winmd_reader\pe.h">
      <Filter>Header Files</Filter>
    </ClInclude>
    <ClInclude Include="impl\winmd_reader\schema.h">
      <Filter>Header Files</Filter>
    </ClInclude>
    <ClInclude Include="impl\winmd_reader\signature.h">
      <Filter>Header Files</Filter>
    </ClInclude>
    <ClInclude Include="impl\winmd_reader\table.h">
      <Filter>Header Files</Filter>
    </ClInclude>
    <ClInclude Include="impl\winmd_reader\type_helpers.h">
      <Filter>Header Files</Filter>
    </ClInclude>
    <ClInclude Include="impl\winmd_reader\view.h">
      <Filter>Header Files</Filter>
    </ClInclude>
  </ItemGroup>
</Project>